
Microsoft Visual Studio Solution File, Format Version 12.00
# Visual Studio Version 17
VisualStudioVersion = 17.3.32804.467
MinimumVisualStudioVersion = 10.0.40219.1
Project("{9A19103F-16F7-4668-BE54-9A1E7A4F7556}") = "BlazorWA.Api", "BlazorWA\Server\BlazorWA.Api.csproj", "{D323702A-1034-464E-820D-DDC67FD84AF6}"
EndProject
Project("{9A19103F-16F7-4668-BE54-9A1E7A4F7556}") = "BlazorWA.UI", "BlazorWA\Client\BlazorWA.UI.csproj", "{B91102AE-3CD1-41A4-B420-417E2D739356}"
EndProject
Project("{9A19103F-16F7-4668-BE54-9A1E7A4F7556}") = "BlazorWA.ViewModels", "BlazorWA\Shared\BlazorWA.ViewModels.csproj", "{CAEF1DD5-F8D0-4F41-9056-C24EE81D0CB1}"
EndProject
Project("{FAE04EC0-301F-11D3-BF4B-00C04F79EFBC}") = "BlazorWA.Data", "BlazorWA.Data\BlazorWA.Data.csproj", "{A0DE1284-FEC3-4E5E-A545-DFEAB91E003B}"
EndProject
Project("{FAE04EC0-301F-11D3-BF4B-00C04F79EFBC}") = "BlazorWA.Domain", "BlazorWA.Domain\BlazorWA.Domain.csproj", "{3F163414-4D05-4551-888E-5C584890F7FA}"
EndProject
Project("{FAE04EC0-301F-11D3-BF4B-00C04F79EFBC}") = "BlazorWA.Logging", "BlazorWA.Logging\BlazorWA.Logging.csproj", "{AFD27877-2555-4677-A105-838590371C0F}"
EndProject
Project("{FAE04EC0-301F-11D3-BF4B-00C04F79EFBC}") = "BlazorWA.UnitTest", "BlazorWA.UnitTest\BlazorWA.UnitTest.csproj", "{3F47295E-E6FB-4BCB-AF31-1C9852CB843D}"
EndProject
Global
	GlobalSection(SolutionConfigurationPlatforms) = preSolution
		Debug|Any CPU = Debug|Any CPU
		Release|Any CPU = Release|Any CPU
	EndGlobalSection
	GlobalSection(ProjectConfigurationPlatforms) = postSolution
		{D323702A-1034-464E-820D-DDC67FD84AF6}.Debug|Any CPU.ActiveCfg = Debug|Any CPU
		{D323702A-1034-464E-820D-DDC67FD84AF6}.Debug|Any CPU.Build.0 = Debug|Any CPU
		{D323702A-1034-464E-820D-DDC67FD84AF6}.Release|Any CPU.ActiveCfg = Release|Any CPU
		{D323702A-1034-464E-820D-DDC67FD84AF6}.Release|Any CPU.Build.0 = Release|Any CPU
		{B91102AE-3CD1-41A4-B420-417E2D739356}.Debug|Any CPU.ActiveCfg = Debug|Any CPU
		{B91102AE-3CD1-41A4-B420-417E2D739356}.Debug|Any CPU.Build.0 = Debug|Any CPU
		{B91102AE-3CD1-41A4-B420-417E2D739356}.Release|Any CPU.ActiveCfg = Release|Any CPU
		{B91102AE-3CD1-41A4-B420-417E2D739356}.Release|Any CPU.Build.0 = Release|Any CPU
		{CAEF1DD5-F8D0-4F41-9056-C24EE81D0CB1}.Debug|Any CPU.ActiveCfg = Debug|Any CPU
		{CAEF1DD5-F8D0-4F41-9056-C24EE81D0CB1}.Debug|Any CPU.Build.0 = Debug|Any CPU
		{CAEF1DD5-F8D0-4F41-9056-C24EE81D0CB1}.Release|Any CPU.ActiveCfg = Release|Any CPU
		{CAEF1DD5-F8D0-4F41-9056-C24EE81D0CB1}.Release|Any CPU.Build.0 = Release|Any CPU
		{A0DE1284-FEC3-4E5E-A545-DFEAB91E003B}.Debug|Any CPU.ActiveCfg = Debug|Any CPU
		{A0DE1284-FEC3-4E5E-A545-DFEAB91E003B}.Debug|Any CPU.Build.0 = Debug|Any CPU
		{A0DE1284-FEC3-4E5E-A545-DFEAB91E003B}.Release|Any CPU.ActiveCfg = Release|Any CPU
		{A0DE1284-FEC3-4E5E-A545-DFEAB91E003B}.Release|Any CPU.Build.0 = Release|Any CPU
		{3F163414-4D05-4551-888E-5C584890F7FA}.Debug|Any CPU.ActiveCfg = Debug|Any CPU
		{3F163414-4D05-4551-888E-5C584890F7FA}.Debug|Any CPU.Build.0 = Debug|Any CPU
		{3F163414-4D05-4551-888E-5C584890F7FA}.Release|Any CPU.ActiveCfg = Release|Any CPU
		{3F163414-4D05-4551-888E-5C584890F7FA}.Release|Any CPU.Build.0 = Release|Any CPU
		{AFD27877-2555-4677-A105-838590371C0F}.Debug|Any CPU.ActiveCfg = Debug|Any CPU
		{AFD27877-2555-4677-A105-838590371C0F}.Debug|Any CPU.Build.0 = Debug|Any CPU
		{AFD27877-2555-4677-A105-838590371C0F}.Release|Any CPU.ActiveCfg = Release|Any CPU
		{AFD27877-2555-4677-A105-838590371C0F}.Release|Any CPU.Build.0 = Release|Any CPU
		{3F47295E-E6FB-4BCB-AF31-1C9852CB843D}.Debug|Any CPU.ActiveCfg = Debug|Any CPU
		{3F47295E-E6FB-4BCB-AF31-1C9852CB843D}.Debug|Any CPU.Build.0 = Debug|Any CPU
		{3F47295E-E6FB-4BCB-AF31-1C9852CB843D}.Release|Any CPU.ActiveCfg = Release|Any CPU
		{3F47295E-E6FB-4BCB-AF31-1C9852CB843D}.Release|Any CPU.Build.0 = Release|Any CPU
	EndGlobalSection
	GlobalSection(SolutionProperties) = preSolution
		HideSolutionNode = FALSE
	EndGlobalSection
	GlobalSection(ExtensibilityGlobals) = postSolution
		SolutionGuid = {1C2448C3-573B-467E-9A73-96D91BA1CF54}
	EndGlobalSection
EndGlobal
